
Microsoft Visual Studio Solution File, Format Version 12.00
# Visual Studio Version 17
VisualStudioVersion = 17.5.002.0
MinimumVisualStudioVersion = 10.0.40219.1
Project("{9A19103F-16F7-4668-BE54-9A1E7A4F7556}") = "FormsApp", "FormsApp.csproj", "{96A95071-93ED-43D5-A256-02F1E3F59DD3}"
EndProject
Global
	GlobalSection(SolutionConfigurationPlatforms) = preSolution
		Debug|Any CPU = Debug|Any CPU
		Release|Any CPU = Release|Any CPU
	EndGlobalSection
	GlobalSection(ProjectConfigurationPlatforms) = postSolution
		{96A95071-93ED-43D5-A256-02F1E3F59DD3}.Debug|Any CPU.ActiveCfg = Debug|Any CPU
		{96A95071-93ED-43D5-A256-02F1E3F59DD3}.Debug|Any CPU.Build.0 = Debug|Any CPU
		{96A95071-93ED-43D5-A256-02F1E3F59DD3}.Release|Any CPU.ActiveCfg = Release|Any CPU
		{96A95071-93ED-43D5-A256-02F1E3F59DD3}.Release|Any CPU.Build.0 = Release|Any CPU
	EndGlobalSection
	GlobalSection(SolutionProperties) = preSolution
		HideSolutionNode = FALSE
	EndGlobalSection
	GlobalSection(ExtensibilityGlobals) = postSolution
		SolutionGuid = {84965994-CDB5-46BF-A054-292138D5DFB9}
	EndGlobalSection
EndGlobal
